
Microsoft Visual Studio Solution File, Format Version 12.00
Project("{FAE04EC0-301F-11D3-BF4B-00C04F79EFBC}") = "MrClean", "MrClean\MrClean.csproj", "{00C62469-1E16-4755-8998-82289DC996D3}"
EndProject
Project("{FAE04EC0-301F-11D3-BF4B-00C04F79EFBC}") = "MrClean.Tests", "MrClean.Tests\MrClean.Tests.csproj", "{B0D15A44-12D5-417D-89EA-D9596F573F91}"
EndProject
Global
	GlobalSection(SolutionConfigurationPlatforms) = preSolution
		Debug|Any CPU = Debug|Any CPU
		Release|Any CPU = Release|Any CPU
	EndGlobalSection
	GlobalSection(ProjectConfigurationPlatforms) = postSolution
		{00C62469-1E16-4755-8998-82289DC996D3}.Debug|Any CPU.ActiveCfg = Debug|Any CPU
		{00C62469-1E16-4755-8998-82289DC996D3}.Debug|Any CPU.Build.0 = Debug|Any CPU
		{00C62469-1E16-4755-8998-82289DC996D3}.Release|Any CPU.ActiveCfg = Release|Any CPU
		{00C62469-1E16-4755-8998-82289DC996D3}.Release|Any CPU.Build.0 = Release|Any CPU
		{B0D15A44-12D5-417D-89EA-D9596F573F91}.Debug|Any CPU.ActiveCfg = Debug|Any CPU
		{B0D15A44-12D5-417D-89EA-D9596F573F91}.Debug|Any CPU.Build.0 = Debug|Any CPU
		{B0D15A44-12D5-417D-89EA-D9596F573F91}.Release|Any CPU.ActiveCfg = Release|Any CPU
		{B0D15A44-12D5-417D-89EA-D9596F573F91}.Release|Any CPU.Build.0 = Release|Any CPU
	EndGlobalSection
EndGlobal
